
Microsoft Visual Studio Solution File, Format Version 12.00
Project("{FAE04EC0-301F-11D3-BF4B-00C04F79EFBC}") = "DrawMap.WebAPI", "DrawMap.WebAPI\DrawMap.WebAPI.csproj", "{9FD85DD0-A8DC-4553-A2F9-EF643F87F8EF}"
EndProject
Project("{FAE04EC0-301F-11D3-BF4B-00C04F79EFBC}") = "DrawMap.Repositories", "DrawMap.Repositories\DrawMap.Repositories.csproj", "{19251D8E-49D2-44C0-BCE9-43B31599C684}"
EndProject
Project("{FAE04EC0-301F-11D3-BF4B-00C04F79EFBC}") = "DrawMap.Domain", "DrawMap.Domain\DrawMap.Domain.csproj", "{B77E665F-DDB9-44C4-B992-D49FAFB1CBD1}"
EndProject
Global
	GlobalSection(SolutionConfigurationPlatforms) = preSolution
		Debug|Any CPU = Debug|Any CPU
		Release|Any CPU = Release|Any CPU
	EndGlobalSection
	GlobalSection(ProjectConfigurationPlatforms) = postSolution
		{9FD85DD0-A8DC-4553-A2F9-EF643F87F8EF}.Debug|Any CPU.ActiveCfg = Debug|Any CPU
		{9FD85DD0-A8DC-4553-A2F9-EF643F87F8EF}.Debug|Any CPU.Build.0 = Debug|Any CPU
		{9FD85DD0-A8DC-4553-A2F9-EF643F87F8EF}.Release|Any CPU.ActiveCfg = Release|Any CPU
		{9FD85DD0-A8DC-4553-A2F9-EF643F87F8EF}.Release|Any CPU.Build.0 = Release|Any CPU
		{19251D8E-49D2-44C0-BCE9-43B31599C684}.Debug|Any CPU.ActiveCfg = Debug|Any CPU
		{19251D8E-49D2-44C0-BCE9-43B31599C684}.Debug|Any CPU.Build.0 = Debug|Any CPU
		{19251D8E-49D2-44C0-BCE9-43B31599C684}.Release|Any CPU.ActiveCfg = Release|Any CPU
		{19251D8E-49D2-44C0-BCE9-43B31599C684}.Release|Any CPU.Build.0 = Release|Any CPU
		{B77E665F-DDB9-44C4-B992-D49FAFB1CBD1}.Debug|Any CPU.ActiveCfg = Debug|Any CPU
		{B77E665F-DDB9-44C4-B992-D49FAFB1CBD1}.Debug|Any CPU.Build.0 = Debug|Any CPU
		{B77E665F-DDB9-44C4-B992-D49FAFB1CBD1}.Release|Any CPU.ActiveCfg = Release|Any CPU
		{B77E665F-DDB9-44C4-B992-D49FAFB1CBD1}.Release|Any CPU.Build.0 = Release|Any CPU
	EndGlobalSection
EndGlobal
